
Microsoft Visual Studio Solution File, Format Version 12.00
# Visual Studio Version 16
VisualStudioVersion = 16.0.33027.164
MinimumVisualStudioVersion = 10.0.40219.1
Project("{9A19103F-16F7-4668-BE54-9A1E7A4F7556}") = "ClassDemo", "ClassDemo\ClassDemo.csproj", "{3C752EB9-B327-4CE3-BC90-3D2D6F1C613C}"
EndProject
Project("{FAE04EC0-301F-11D3-BF4B-00C04F79EFBC}") = "ArraysLists", "ArraysLists\ArraysLists.csproj", "{65220CA5-A23D-4E78-9977-7A9E07D21CAE}"
EndProject
Global
	GlobalSection(SolutionConfigurationPlatforms) = preSolution
		Debug|Any CPU = Debug|Any CPU
		Release|Any CPU = Release|Any CPU
	EndGlobalSection
	GlobalSection(ProjectConfigurationPlatforms) = postSolution
		{3C752EB9-B327-4CE3-BC90-3D2D6F1C613C}.Debug|Any CPU.ActiveCfg = Debug|Any CPU
		{3C752EB9-B327-4CE3-BC90-3D2D6F1C613C}.Debug|Any CPU.Build.0 = Debug|Any CPU
		{3C752EB9-B327-4CE3-BC90-3D2D6F1C613C}.Release|Any CPU.ActiveCfg = Release|Any CPU
		{3C752EB9-B327-4CE3-BC90-3D2D6F1C613C}.Release|Any CPU.Build.0 = Release|Any CPU
		{65220CA5-A23D-4E78-9977-7A9E07D21CAE}.Debug|Any CPU.ActiveCfg = Debug|Any CPU
		{65220CA5-A23D-4E78-9977-7A9E07D21CAE}.Debug|Any CPU.Build.0 = Debug|Any CPU
		{65220CA5-A23D-4E78-9977-7A9E07D21CAE}.Release|Any CPU.ActiveCfg = Release|Any CPU
		{65220CA5-A23D-4E78-9977-7A9E07D21CAE}.Release|Any CPU.Build.0 = Release|Any CPU
	EndGlobalSection
	GlobalSection(SolutionProperties) = preSolution
		HideSolutionNode = FALSE
	EndGlobalSection
	GlobalSection(ExtensibilityGlobals) = postSolution
		SolutionGuid = {FE908943-46D1-4EA0-8535-3D1ED9788789}
	EndGlobalSection
EndGlobal
