
Microsoft Visual Studio Solution File, Format Version 12.00
# Visual Studio Version 16
VisualStudioVersion = 16.0.33027.164
MinimumVisualStudioVersion = 10.0.40219.1
Project("{2150E333-8FDC-42A3-9474-1A3956D46DE8}") = "1 - Presentation", "1 - Presentation", "{679326E8-F82F-4A8E-9EE8-1A837BE255F1}"
EndProject
Project("{2150E333-8FDC-42A3-9474-1A3956D46DE8}") = "2 - Application", "2 - Application", "{BB031DCF-DCDB-4304-BE1A-353E830900AE}"
EndProject
Project("{2150E333-8FDC-42A3-9474-1A3956D46DE8}") = "3 - Domain", "3 - Domain", "{31D4B9DE-A399-4590-AA81-17CEAD25527C}"
EndProject
Project("{2150E333-8FDC-42A3-9474-1A3956D46DE8}") = "4 - Infra", "4 - Infra", "{BBB2DD25-12A9-4009-9F81-884BB68436B8}"
EndProject
Project("{2150E333-8FDC-42A3-9474-1A3956D46DE8}") = "5 - Entities", "5 - Entities", "{7EE8DF92-783E-4748-AFD9-B3A8772ECD37}"
EndProject
Project("{FAE04EC0-301F-11D3-BF4B-00C04F79EFBC}") = "Entities", "Entities\Entities.csproj", "{6ADEFF27-49DC-4DA4-BFCA-682AD31AE5C4}"
EndProject
Project("{FAE04EC0-301F-11D3-BF4B-00C04F79EFBC}") = "Infrastructure", "Infrastructure\Infrastructure.csproj", "{DED52C1F-0B01-40D8-98BA-9BC1116622A0}"
EndProject
Project("{FAE04EC0-301F-11D3-BF4B-00C04F79EFBC}") = "Domain", "Domain\Domain.csproj", "{1C56F293-FBF2-4367-898B-AD0EE2B03C46}"
EndProject
Project("{FAE04EC0-301F-11D3-BF4B-00C04F79EFBC}") = "ApplicationApp", "ApplicationApp\ApplicationApp.csproj", "{FDB0068F-4A15-4E03-B1B1-562930B0B1F5}"
EndProject
Global
	GlobalSection(SolutionConfigurationPlatforms) = preSolution
		Debug|Any CPU = Debug|Any CPU
		Release|Any CPU = Release|Any CPU
	EndGlobalSection
	GlobalSection(ProjectConfigurationPlatforms) = postSolution
		{6ADEFF27-49DC-4DA4-BFCA-682AD31AE5C4}.Debug|Any CPU.ActiveCfg = Debug|Any CPU
		{6ADEFF27-49DC-4DA4-BFCA-682AD31AE5C4}.Debug|Any CPU.Build.0 = Debug|Any CPU
		{6ADEFF27-49DC-4DA4-BFCA-682AD31AE5C4}.Release|Any CPU.ActiveCfg = Release|Any CPU
		{6ADEFF27-49DC-4DA4-BFCA-682AD31AE5C4}.Release|Any CPU.Build.0 = Release|Any CPU
		{DED52C1F-0B01-40D8-98BA-9BC1116622A0}.Debug|Any CPU.ActiveCfg = Debug|Any CPU
		{DED52C1F-0B01-40D8-98BA-9BC1116622A0}.Debug|Any CPU.Build.0 = Debug|Any CPU
		{DED52C1F-0B01-40D8-98BA-9BC1116622A0}.Release|Any CPU.ActiveCfg = Release|Any CPU
		{DED52C1F-0B01-40D8-98BA-9BC1116622A0}.Release|Any CPU.Build.0 = Release|Any CPU
		{1C56F293-FBF2-4367-898B-AD0EE2B03C46}.Debug|Any CPU.ActiveCfg = Debug|Any CPU
		{1C56F293-FBF2-4367-898B-AD0EE2B03C46}.Debug|Any CPU.Build.0 = Debug|Any CPU
		{1C56F293-FBF2-4367-898B-AD0EE2B03C46}.Release|Any CPU.ActiveCfg = Release|Any CPU
		{1C56F293-FBF2-4367-898B-AD0EE2B03C46}.Release|Any CPU.Build.0 = Release|Any CPU
		{FDB0068F-4A15-4E03-B1B1-562930B0B1F5}.Debug|Any CPU.ActiveCfg = Debug|Any CPU
		{FDB0068F-4A15-4E03-B1B1-562930B0B1F5}.Debug|Any CPU.Build.0 = Debug|Any CPU
		{FDB0068F-4A15-4E03-B1B1-562930B0B1F5}.Release|Any CPU.ActiveCfg = Release|Any CPU
		{FDB0068F-4A15-4E03-B1B1-562930B0B1F5}.Release|Any CPU.Build.0 = Release|Any CPU
	EndGlobalSection
	GlobalSection(SolutionProperties) = preSolution
		HideSolutionNode = FALSE
	EndGlobalSection
	GlobalSection(NestedProjects) = preSolution
		{6ADEFF27-49DC-4DA4-BFCA-682AD31AE5C4} = {7EE8DF92-783E-4748-AFD9-B3A8772ECD37}
		{DED52C1F-0B01-40D8-98BA-9BC1116622A0} = {BBB2DD25-12A9-4009-9F81-884BB68436B8}
		{1C56F293-FBF2-4367-898B-AD0EE2B03C46} = {31D4B9DE-A399-4590-AA81-17CEAD25527C}
		{FDB0068F-4A15-4E03-B1B1-562930B0B1F5} = {BB031DCF-DCDB-4304-BE1A-353E830900AE}
	EndGlobalSection
	GlobalSection(ExtensibilityGlobals) = postSolution
		SolutionGuid = {88202897-D1A9-428F-A90F-CF2E53E5FBD8}
	EndGlobalSection
EndGlobal
