
Microsoft Visual Studio Solution File, Format Version 12.00
# Visual Studio Version 16
VisualStudioVersion = 16.0.33027.164
MinimumVisualStudioVersion = 10.0.40219.1
Project("{FAE04EC0-301F-11D3-BF4B-00C04F79EFBC}") = "HelloWorldAgain", "HelloWorldAgain\HelloWorldAgain.csproj", "{423CC840-0906-4741-BA10-36C833D1694D}"
EndProject
Global
	GlobalSection(SolutionConfigurationPlatforms) = preSolution
		Debug|Any CPU = Debug|Any CPU
		Release|Any CPU = Release|Any CPU
	EndGlobalSection
	GlobalSection(ProjectConfigurationPlatforms) = postSolution
		{423CC840-0906-4741-BA10-36C833D1694D}.Debug|Any CPU.ActiveCfg = Debug|Any CPU
		{423CC840-0906-4741-BA10-36C833D1694D}.Debug|Any CPU.Build.0 = Debug|Any CPU
		{423CC840-0906-4741-BA10-36C833D1694D}.Release|Any CPU.ActiveCfg = Release|Any CPU
		{423CC840-0906-4741-BA10-36C833D1694D}.Release|Any CPU.Build.0 = Release|Any CPU
	EndGlobalSection
	GlobalSection(SolutionProperties) = preSolution
		HideSolutionNode = FALSE
	EndGlobalSection
	GlobalSection(ExtensibilityGlobals) = postSolution
		SolutionGuid = {D2A6DB76-08D1-4519-B90D-47C882912EA7}
	EndGlobalSection
EndGlobal
