
Microsoft Visual Studio Solution File, Format Version 12.00
# Visual Studio Version 16
VisualStudioVersion = 16.0.33027.164
MinimumVisualStudioVersion = 10.0.40219.1
Project("{FAE04EC0-301F-11D3-BF4B-00C04F79EFBC}") = "POO", "POO\POO.csproj", "{E2519774-13BA-4964-B515-F214A8DA61F0}"
EndProject
Project("{FAE04EC0-301F-11D3-BF4B-00C04F79EFBC}") = "Abstratos", "Abstratos\Abstratos.csproj", "{F4AC0B69-A141-477D-8887-7F8CE192E6FA}"
EndProject
Project("{FAE04EC0-301F-11D3-BF4B-00C04F79EFBC}") = "Interfaces", "Interfaces\Interfaces.csproj", "{78C11DAF-472E-4FB2-BA4E-1D95E84500C0}"
EndProject
Global
	GlobalSection(SolutionConfigurationPlatforms) = preSolution
		Debug|Any CPU = Debug|Any CPU
		Release|Any CPU = Release|Any CPU
	EndGlobalSection
	GlobalSection(ProjectConfigurationPlatforms) = postSolution
		{E2519774-13BA-4964-B515-F214A8DA61F0}.Debug|Any CPU.ActiveCfg = Debug|Any CPU
		{E2519774-13BA-4964-B515-F214A8DA61F0}.Debug|Any CPU.Build.0 = Debug|Any CPU
		{E2519774-13BA-4964-B515-F214A8DA61F0}.Release|Any CPU.ActiveCfg = Release|Any CPU
		{E2519774-13BA-4964-B515-F214A8DA61F0}.Release|Any CPU.Build.0 = Release|Any CPU
		{F4AC0B69-A141-477D-8887-7F8CE192E6FA}.Debug|Any CPU.ActiveCfg = Debug|Any CPU
		{F4AC0B69-A141-477D-8887-7F8CE192E6FA}.Debug|Any CPU.Build.0 = Debug|Any CPU
		{F4AC0B69-A141-477D-8887-7F8CE192E6FA}.Release|Any CPU.ActiveCfg = Release|Any CPU
		{F4AC0B69-A141-477D-8887-7F8CE192E6FA}.Release|Any CPU.Build.0 = Release|Any CPU
		{78C11DAF-472E-4FB2-BA4E-1D95E84500C0}.Debug|Any CPU.ActiveCfg = Debug|Any CPU
		{78C11DAF-472E-4FB2-BA4E-1D95E84500C0}.Debug|Any CPU.Build.0 = Debug|Any CPU
		{78C11DAF-472E-4FB2-BA4E-1D95E84500C0}.Release|Any CPU.ActiveCfg = Release|Any CPU
		{78C11DAF-472E-4FB2-BA4E-1D95E84500C0}.Release|Any CPU.Build.0 = Release|Any CPU
	EndGlobalSection
	GlobalSection(SolutionProperties) = preSolution
		HideSolutionNode = FALSE
	EndGlobalSection
	GlobalSection(ExtensibilityGlobals) = postSolution
		SolutionGuid = {10BB3334-9D8C-4F8B-AE99-05C66E0E9B07}
	EndGlobalSection
EndGlobal
